
Microsoft Visual Studio Solution File, Format Version 12.00
# Visual Studio Version 17
VisualStudioVersion = 17.14.36414.22 d17.14
MinimumVisualStudioVersion = 10.0.40219.1
Project("{FAE04EC0-301F-11D3-BF4B-00C04F79EFBC}") = "ChallengeLab11.1", "ChallengeLab11.1.csproj", "{67F681F7-02AA-4149-8C42-3D5B1198AFD8}"
EndProject
Global
	GlobalSection(SolutionConfigurationPlatforms) = preSolution
		Debug|Any CPU = Debug|Any CPU
		Release|Any CPU = Release|Any CPU
	EndGlobalSection
	GlobalSection(ProjectConfigurationPlatforms) = postSolution
		{67F681F7-02AA-4149-8C42-3D5B1198AFD8}.Debug|Any CPU.ActiveCfg = Debug|Any CPU
		{67F681F7-02AA-4149-8C42-3D5B1198AFD8}.Debug|Any CPU.Build.0 = Debug|Any CPU
		{67F681F7-02AA-4149-8C42-3D5B1198AFD8}.Release|Any CPU.ActiveCfg = Release|Any CPU
		{67F681F7-02AA-4149-8C42-3D5B1198AFD8}.Release|Any CPU.Build.0 = Release|Any CPU
	EndGlobalSection
	GlobalSection(SolutionProperties) = preSolution
		HideSolutionNode = FALSE
	EndGlobalSection
	GlobalSection(ExtensibilityGlobals) = postSolution
		SolutionGuid = {8842D254-E4FA-408E-BB8F-32803EF0F4CC}
	EndGlobalSection
EndGlobal
